PODS:
  - DDKit (0.8.8):
    - DDKit/Core (= 0.8.8)
  - DDKit/Chainable (0.8.8):
    - RxCocoa (~> 4.0)
    - RxSwift (~> 4.0)
    - SnapKit
  - DDKit/Core (0.8.8):
    - DDKit/Chainable
  - DDKit/Hud (0.8.8):
    - MBProgressHUD
    - PKHUD
    - SnapKit
  - DDKit/PhotoBrowser (0.8.8):
    - Kingfisher
  - Kingfisher (4.10.1)
  - MBProgressHUD (1.1.0)
  - PKHUD (5.2.1)
  - RxAtomic (4.4.0)
  - RxCocoa (4.4.0):
    - RxSwift (~> 4.0)
  - RxSwift (4.4.0):
    - RxAtomic (~> 4.4)
  - SnapKit (4.2.0)

DEPENDENCIES:
  - DDKit
  - DDKit/Hud
  - DDKit/PhotoBrowser

SPEC REPOS:
  https://github.com/cocoapods/specs.git:
    - Kingfisher
    - MBProgressHUD
    - PKHUD
    - RxAtomic
    - RxCocoa
    - RxSwift
    - SnapKit
  https://github.com/hk01-digital/hk01-ios-uikit-spec.git:
    - DDKit

SPEC CHECKSUMS:
  DDKit: 528781f5fcce07447a0d6c4563ebd986dbfab94e
  Kingfisher: c148cd7b47ebde9989f6bc7c27dcaa79d81279a0
  MBProgressHUD: e7baa36a220447d8aeb12769bf0585582f3866d9
  PKHUD: 4e6162c4c39ac367c6934e9855c6b4762ee16256
  RxAtomic: eacf60db868c96bfd63320e28619fe29c179656f
  RxCocoa: df63ebf7b9a70d6b4eeea407ed5dd4efc8979749
  RxSwift: 5976ecd04fc2fefd648827c23de5e11157faa973
  SnapKit: fe8a619752f3f27075cc9a90244d75c6c3f27e2a

PODFILE CHECKSUM: afbe20777daa1370252e0007ae4f5d9709c7b328

COCOAPODS: 1.5.3
