// !$*UTF8*$!
{
	archiveVersion = 1;
	classes = {
	};
	objectVersion = 50;
	objects = {

/* Begin PBXBuildFile section */
		5B578765DF5EFCAACE5F9282 /* Pods_Helloworld.framework in Frameworks */ = {isa = PBXBuildFile; fileRef = 43534E0B2C980BDBB134BA0B /* Pods_Helloworld.framework */; };
		CEA97EC32177268C006B8C72 /* Main.storyboard in Resources */ = {isa = PBXBuildFile; fileRef = CEA97EC12177268C006B8C72 /* Main.storyboard */; };
		CEA97EC52177268E006B8C72 /* Assets.xcassets in Resources */ = {isa = PBXBuildFile; fileRef = CEA97EC42177268E006B8C72 /* Assets.xcassets */; };
		CEA97EC82177268E006B8C72 /* LaunchScreen.storyboard in Resources */ = {isa = PBXBuildFile; fileRef = CEA97EC62177268E006B8C72 /* LaunchScreen.storyboard */; };
		CEA97EE321772AA9006B8C72 /* mj.gif in Resources */ = {isa = PBXBuildFile; fileRef = CEA97ED321772AA9006B8C72 /* mj.gif */; };
		CEA97EE421772AA9006B8C72 /* mj1.gif in Resources */ = {isa = PBXBuildFile; fileRef = CEA97ED421772AA9006B8C72 /* mj1.gif */; };
		CEA97F2821773859006B8C72 /* AppDelegate.swift in Sources */ = {isa = PBXBuildFile; fileRef = CEA97F2621773859006B8C72 /* AppDelegate.swift */; };
		CEA97F2921773859006B8C72 /* ViewController.swift in Sources */ = {isa = PBXBuildFile; fileRef = CEA97F2721773859006B8C72 /* ViewController.swift */; };
/* End PBXBuildFile section */

/* Begin PBXFileReference section */
		43534E0B2C980BDBB134BA0B /* Pods_Helloworld.framework */ = {isa = PBXFileReference; explicitFileType = wrapper.framework; includeInIndex = 0; path = Pods_Helloworld.framework; sourceTree = BUILT_PRODUCTS_DIR; };
		62314CB30D85EF7F807F9AC6 /* Pods-Helloworld.debug.xcconfig */ = {isa = PBXFileReference; includeInIndex = 1; lastKnownFileType = text.xcconfig; name = "Pods-Helloworld.debug.xcconfig"; path = "Pods/Target Support Files/Pods-Helloworld/Pods-Helloworld.debug.xcconfig"; sourceTree = "<group>"; };
		6A2D3D358019AD4160355946 /* Pods-Helloworld.release.xcconfig */ = {isa = PBXFileReference; includeInIndex = 1; lastKnownFileType = text.xcconfig; name = "Pods-Helloworld.release.xcconfig"; path = "Pods/Target Support Files/Pods-Helloworld/Pods-Helloworld.release.xcconfig"; sourceTree = "<group>"; };
		CEA97EBA2177268C006B8C72 /* Helloworld.app */ = {isa = PBXFileReference; explicitFileType = wrapper.application; includeInIndex = 0; path = Helloworld.app; sourceTree = BUILT_PRODUCTS_DIR; };
		CEA97EC22177268C006B8C72 /* Base */ = {isa = PBXFileReference; lastKnownFileType = file.storyboard; name = Base; path = Base.lproj/Main.storyboard; sourceTree = "<group>"; };
		CEA97EC42177268E006B8C72 /* Assets.xcassets */ = {isa = PBXFileReference; lastKnownFileType = folder.assetcatalog; path = Assets.xcassets; sourceTree = "<group>"; };
		CEA97EC72177268E006B8C72 /* Base */ = {isa = PBXFileReference; lastKnownFileType = file.storyboard; name = Base; path = Base.lproj/LaunchScreen.storyboard; sourceTree = "<group>"; };
		CEA97EC92177268E006B8C72 /* Info.plist */ = {isa = PBXFileReference; lastKnownFileType = text.plist.xml; path = Info.plist; sourceTree = "<group>"; };
		CEA97ECF21772AA8006B8C72 /* Helloworld-Bridging-Header.h */ = {isa = PBXFileReference; lastKnownFileType = sourcecode.c.h; path = "Helloworld-Bridging-Header.h"; sourceTree = "<group>"; };
		CEA97ED321772AA9006B8C72 /* mj.gif */ = {isa = PBXFileReference; lastKnownFileType = image.gif; path = mj.gif; sourceTree = "<group>"; };
		CEA97ED421772AA9006B8C72 /* mj1.gif */ = {isa = PBXFileReference; lastKnownFileType = image.gif; path = mj1.gif; sourceTree = "<group>"; };
		CEA97F2621773859006B8C72 /* AppDelegate.swift */ = {isa = PBXFileReference; fileEncoding = 4; lastKnownFileType = sourcecode.swift; path = AppDelegate.swift; sourceTree = "<group>"; };
		CEA97F2721773859006B8C72 /* ViewController.swift */ = {isa = PBXFileReference; fileEncoding = 4; lastKnownFileType = sourcecode.swift; path = ViewController.swift; sourceTree = "<group>"; };
/* End PBXFileReference section */

/* Begin PBXFrameworksBuildPhase section */
		CEA97EB72177268C006B8C72 /* Frameworks */ = {
			isa = PBXFrameworksBuildPhase;
			buildActionMask = 2147483647;
			files = (
				5B578765DF5EFCAACE5F9282 /* Pods_Helloworld.framework in Frameworks */,
			);
			runOnlyForDeploymentPostprocessing = 0;
		};
/* End PBXFrameworksBuildPhase section */

/* Begin PBXGroup section */
		CEA97EB12177268C006B8C72 = {
			isa = PBXGroup;
			children = (
				CEA97EBC2177268C006B8C72 /* Helloworld */,
				CEA97EBB2177268C006B8C72 /* Products */,
				E65D3726CAA124CC648574FF /* Pods */,
				F79D321AA2ECB41ECB058DCC /* Frameworks */,
			);
			sourceTree = "<group>";
		};
		CEA97EBB2177268C006B8C72 /* Products */ = {
			isa = PBXGroup;
			children = (
				CEA97EBA2177268C006B8C72 /* Helloworld.app */,
			);
			name = Products;
			sourceTree = "<group>";
		};
		CEA97EBC2177268C006B8C72 /* Helloworld */ = {
			isa = PBXGroup;
			children = (
				CEA97F2621773859006B8C72 /* AppDelegate.swift */,
				CEA97F2721773859006B8C72 /* ViewController.swift */,
				CEA97ED221772AA9006B8C72 /* Sources */,
				CEA97EC12177268C006B8C72 /* Main.storyboard */,
				CEA97EC42177268E006B8C72 /* Assets.xcassets */,
				CEA97EC62177268E006B8C72 /* LaunchScreen.storyboard */,
				CEA97EC92177268E006B8C72 /* Info.plist */,
				CEA97ECF21772AA8006B8C72 /* Helloworld-Bridging-Header.h */,
			);
			path = Helloworld;
			sourceTree = "<group>";
		};
		CEA97ED221772AA9006B8C72 /* Sources */ = {
			isa = PBXGroup;
			children = (
				CEA97ED321772AA9006B8C72 /* mj.gif */,
				CEA97ED421772AA9006B8C72 /* mj1.gif */,
			);
			path = Sources;
			sourceTree = "<group>";
		};
		E65D3726CAA124CC648574FF /* Pods */ = {
			isa = PBXGroup;
			children = (
				62314CB30D85EF7F807F9AC6 /* Pods-Helloworld.debug.xcconfig */,
				6A2D3D358019AD4160355946 /* Pods-Helloworld.release.xcconfig */,
			);
			name = Pods;
			sourceTree = "<group>";
		};
		F79D321AA2ECB41ECB058DCC /* Frameworks */ = {
			isa = PBXGroup;
			children = (
				43534E0B2C980BDBB134BA0B /* Pods_Helloworld.framework */,
			);
			name = Frameworks;
			sourceTree = "<group>";
		};
/* End PBXGroup section */

/* Begin PBXNativeTarget section */
		CEA97EB92177268C006B8C72 /* Helloworld */ = {
			isa = PBXNativeTarget;
			buildConfigurationList = CEA97ECC2177268E006B8C72 /* Build configuration list for PBXNativeTarget "Helloworld" */;
			buildPhases = (
				609D9A1905D22555DADE32F6 /* [CP] Check Pods Manifest.lock */,
				CEA97EB62177268C006B8C72 /* Sources */,
				CEA97EB72177268C006B8C72 /* Frameworks */,
				CEA97EB82177268C006B8C72 /* Resources */,
				C42388188EDEFC300488C684 /* [CP] Embed Pods Frameworks */,
			);
			buildRules = (
			);
			dependencies = (
			);
			name = Helloworld;
			productName = Helloworld;
			productReference = CEA97EBA2177268C006B8C72 /* Helloworld.app */;
			productType = "com.apple.product-type.application";
		};
/* End PBXNativeTarget section */

/* Begin PBXProject section */
		CEA97EB22177268C006B8C72 /* Project object */ = {
			isa = PBXProject;
			attributes = {
				LastSwiftUpdateCheck = 1000;
				LastUpgradeCheck = 1000;
				ORGANIZATIONNAME = dd01;
				TargetAttributes = {
					CEA97EB92177268C006B8C72 = {
						CreatedOnToolsVersion = 10.0;
						LastSwiftMigration = 1000;
					};
				};
			};
			buildConfigurationList = CEA97EB52177268C006B8C72 /* Build configuration list for PBXProject "Helloworld" */;
			compatibilityVersion = "Xcode 9.3";
			developmentRegion = en;
			hasScannedForEncodings = 0;
			knownRegions = (
				en,
				Base,
			);
			mainGroup = CEA97EB12177268C006B8C72;
			productRefGroup = CEA97EBB2177268C006B8C72 /* Products */;
			projectDirPath = "";
			projectRoot = "";
			targets = (
				CEA97EB92177268C006B8C72 /* Helloworld */,
			);
		};
/* End PBXProject section */

/* Begin PBXResourcesBuildPhase section */
		CEA97EB82177268C006B8C72 /* Resources */ = {
			isa = PBXResourcesBuildPhase;
			buildActionMask = 2147483647;
			files = (
				CEA97EC82177268E006B8C72 /* LaunchScreen.storyboard in Resources */,
				CEA97EE421772AA9006B8C72 /* mj1.gif in Resources */,
				CEA97EE321772AA9006B8C72 /* mj.gif in Resources */,
				CEA97EC52177268E006B8C72 /* Assets.xcassets in Resources */,
				CEA97EC32177268C006B8C72 /* Main.storyboard in Resources */,
			);
			runOnlyForDeploymentPostprocessing = 0;
		};
/* End PBXResourcesBuildPhase section */

/* Begin PBXShellScriptBuildPhase section */
		609D9A1905D22555DADE32F6 /* [CP] Check Pods Manifest.lock */ = {
			isa = PBXShellScriptBuildPhase;
			buildActionMask = 2147483647;
			files = (
			);
			inputFileListPaths = (
			);
			inputPaths = (
				"${PODS_PODFILE_DIR_PATH}/Podfile.lock",
				"${PODS_ROOT}/Manifest.lock",
			);
			name = "[CP] Check Pods Manifest.lock";
			outputFileListPaths = (
			);
			outputPaths = (
				"$(DERIVED_FILE_DIR)/Pods-Helloworld-checkManifestLockResult.txt",
			);
			runOnlyForDeploymentPostprocessing = 0;
			shellPath = /bin/sh;
			shellScript = "diff \"${PODS_PODFILE_DIR_PATH}/Podfile.lock\" \"${PODS_ROOT}/Manifest.lock\" > /dev/null\nif [ $? != 0 ] ; then\n    # print error to STDERR\n    echo \"error: The sandbox is not in sync with the Podfile.lock. Run 'pod install' or update your CocoaPods installation.\" >&2\n    exit 1\nfi\n# This output is used by Xcode 'outputs' to avoid re-running this script phase.\necho \"SUCCESS\" > \"${SCRIPT_OUTPUT_FILE_0}\"\n";
			showEnvVarsInLog = 0;
		};
		C42388188EDEFC300488C684 /* [CP] Embed Pods Frameworks */ = {
			isa = PBXShellScriptBuildPhase;
			buildActionMask = 2147483647;
			files = (
			);
			inputFileListPaths = (
			);
			inputPaths = (
				"${SRCROOT}/Pods/Target Support Files/Pods-Helloworld/Pods-Helloworld-frameworks.sh",
				"${BUILT_PRODUCTS_DIR}/DDKit/DDKit.framework",
				"${BUILT_PRODUCTS_DIR}/Kingfisher/Kingfisher.framework",
				"${BUILT_PRODUCTS_DIR}/MBProgressHUD/MBProgressHUD.framework",
				"${BUILT_PRODUCTS_DIR}/PKHUD/PKHUD.framework",
				"${BUILT_PRODUCTS_DIR}/RxAtomic/RxAtomic.framework",
				"${BUILT_PRODUCTS_DIR}/RxCocoa/RxCocoa.framework",
				"${BUILT_PRODUCTS_DIR}/RxSwift/RxSwift.framework",
				"${BUILT_PRODUCTS_DIR}/SnapKit/SnapKit.framework",
			);
			name = "[CP] Embed Pods Frameworks";
			outputFileListPaths = (
			);
			outputPaths = (
				"${TARGET_BUILD_DIR}/${FRAMEWORKS_FOLDER_PATH}/DDKit.framework",
				"${TARGET_BUILD_DIR}/${FRAMEWORKS_FOLDER_PATH}/Kingfisher.framework",
				"${TARGET_BUILD_DIR}/${FRAMEWORKS_FOLDER_PATH}/MBProgressHUD.framework",
				"${TARGET_BUILD_DIR}/${FRAMEWORKS_FOLDER_PATH}/PKHUD.framework",
				"${TARGET_BUILD_DIR}/${FRAMEWORKS_FOLDER_PATH}/RxAtomic.framework",
				"${TARGET_BUILD_DIR}/${FRAMEWORKS_FOLDER_PATH}/RxCocoa.framework",
				"${TARGET_BUILD_DIR}/${FRAMEWORKS_FOLDER_PATH}/RxSwift.framework",
				"${TARGET_BUILD_DIR}/${FRAMEWORKS_FOLDER_PATH}/SnapKit.framework",
			);
			runOnlyForDeploymentPostprocessing = 0;
			shellPath = /bin/sh;
			shellScript = "\"${SRCROOT}/Pods/Target Support Files/Pods-Helloworld/Pods-Helloworld-frameworks.sh\"\n";
			showEnvVarsInLog = 0;
		};
/* End PBXShellScriptBuildPhase section */

/* Begin PBXSourcesBuildPhase section */
		CEA97EB62177268C006B8C72 /* Sources */ = {
			isa = PBXSourcesBuildPhase;
			buildActionMask = 2147483647;
			files = (
				CEA97F2821773859006B8C72 /* AppDelegate.swift in Sources */,
				CEA97F2921773859006B8C72 /* ViewController.swift in Sources */,
			);
			runOnlyForDeploymentPostprocessing = 0;
		};
/* End PBXSourcesBuildPhase section */

/* Begin PBXVariantGroup section */
		CEA97EC12177268C006B8C72 /* Main.storyboard */ = {
			isa = PBXVariantGroup;
			children = (
				CEA97EC22177268C006B8C72 /* Base */,
			);
			name = Main.storyboard;
			sourceTree = "<group>";
		};
		CEA97EC62177268E006B8C72 /* LaunchScreen.storyboard */ = {
			isa = PBXVariantGroup;
			children = (
				CEA97EC72177268E006B8C72 /* Base */,
			);
			name = LaunchScreen.storyboard;
			sourceTree = "<group>";
		};
/* End PBXVariantGroup section */

/* Begin XCBuildConfiguration section */
		CEA97ECA2177268E006B8C72 /* Debug */ = {
			isa = XCBuildConfiguration;
			buildSettings = {
				ALWAYS_SEARCH_USER_PATHS = NO;
				CLANG_ANALYZER_NONNULL = YES;
				CLANG_ANALYZER_NUMBER_OBJECT_CONVERSION = YES_AGGRESSIVE;
				CLANG_CXX_LANGUAGE_STANDARD = "gnu++14";
				CLANG_CXX_LIBRARY = "libc++";
				CLANG_ENABLE_MODULES = YES;
				CLANG_ENABLE_OBJC_ARC = YES;
				CLANG_ENABLE_OBJC_WEAK = YES;
				CLANG_WARN_BLOCK_CAPTURE_AUTORELEASING = YES;
				CLANG_WARN_BOOL_CONVERSION = YES;
				CLANG_WARN_COMMA = YES;
				CLANG_WARN_CONSTANT_CONVERSION = YES;
				CLANG_WARN_DEPRECATED_OBJC_IMPLEMENTATIONS = YES;
				CLANG_WARN_DIRECT_OBJC_ISA_USAGE = YES_ERROR;
				CLANG_WARN_DOCUMENTATION_COMMENTS = YES;
				CLANG_WARN_EMPTY_BODY = YES;
				CLANG_WARN_ENUM_CONVERSION = YES;
				CLANG_WARN_INFINITE_RECURSION = YES;
				CLANG_WARN_INT_CONVERSION = YES;
				CLANG_WARN_NON_LITERAL_NULL_CONVERSION = YES;
				CLANG_WARN_OBJC_IMPLICIT_RETAIN_SELF = YES;
				CLANG_WARN_OBJC_LITERAL_CONVERSION = YES;
				CLANG_WARN_OBJC_ROOT_CLASS = YES_ERROR;
				CLANG_WARN_RANGE_LOOP_ANALYSIS = YES;
				CLANG_WARN_STRICT_PROTOTYPES = YES;
				CLANG_WARN_SUSPICIOUS_MOVE = YES;
				CLANG_WARN_UNGUARDED_AVAILABILITY = YES_AGGRESSIVE;
				CLANG_WARN_UNREACHABLE_CODE = YES;
				CLANG_WARN__DUPLICATE_METHOD_MATCH = YES;
				CODE_SIGN_IDENTITY = "iPhone Developer";
				COPY_PHASE_STRIP = NO;
				DEBUG_INFORMATION_FORMAT = dwarf;
				ENABLE_STRICT_OBJC_MSGSEND = YES;
				ENABLE_TESTABILITY = YES;
				GCC_C_LANGUAGE_STANDARD = gnu11;
				GCC_DYNAMIC_NO_PIC = NO;
				GCC_NO_COMMON_BLOCKS = YES;
				GCC_OPTIMIZATION_LEVEL = 0;
				GCC_PREPROCESSOR_DEFINITIONS = (
					"DEBUG=1",
					"$(inherited)",
				);
				GCC_WARN_64_TO_32_BIT_CONVERSION = YES;
				GCC_WARN_ABOUT_RETURN_TYPE = YES_ERROR;
				GCC_WARN_UNDECLARED_SELECTOR = YES;
				GCC_WARN_UNINITIALIZED_AUTOS = YES_AGGRESSIVE;
				GCC_WARN_UNUSED_FUNCTION = YES;
				GCC_WARN_UNUSED_VARIABLE = YES;
				IPHONEOS_DEPLOYMENT_TARGET = 12.0;
				MTL_ENABLE_DEBUG_INFO = INCLUDE_SOURCE;
				MTL_FAST_MATH = YES;
				ONLY_ACTIVE_ARCH = YES;
				SDKROOT = iphoneos;
				SWIFT_ACTIVE_COMPILATION_CONDITIONS = DEBUG;
				SWIFT_OPTIMIZATION_LEVEL = "-Onone";
			};
			name = Debug;
		};
		CEA97ECB2177268E006B8C72 /* Release */ = {
			isa = XCBuildConfiguration;
			buildSettings = {
				ALWAYS_SEARCH_USER_PATHS = NO;
				CLANG_ANALYZER_NONNULL = YES;
				CLANG_ANALYZER_NUMBER_OBJECT_CONVERSION = YES_AGGRESSIVE;
				CLANG_CXX_LANGUAGE_STANDARD = "gnu++14";
				CLANG_CXX_LIBRARY = "libc++";
				CLANG_ENABLE_MODULES = YES;
				CLANG_ENABLE_OBJC_ARC = YES;
				CLANG_ENABLE_OBJC_WEAK = YES;
				CLANG_WARN_BLOCK_CAPTURE_AUTORELEASING = YES;
				CLANG_WARN_BOOL_CONVERSION = YES;
				CLANG_WARN_COMMA = YES;
				CLANG_WARN_CONSTANT_CONVERSION = YES;
				CLANG_WARN_DEPRECATED_OBJC_IMPLEMENTATIONS = YES;
				CLANG_WARN_DIRECT_OBJC_ISA_USAGE = YES_ERROR;
				CLANG_WARN_DOCUMENTATION_COMMENTS = YES;
				CLANG_WARN_EMPTY_BODY = YES;
				CLANG_WARN_ENUM_CONVERSION = YES;
				CLANG_WARN_INFINITE_RECURSION = YES;
				CLANG_WARN_INT_CONVERSION = YES;
				CLANG_WARN_NON_LITERAL_NULL_CONVERSION = YES;
				CLANG_WARN_OBJC_IMPLICIT_RETAIN_SELF = YES;
				CLANG_WARN_OBJC_LITERAL_CONVERSION = YES;
				CLANG_WARN_OBJC_ROOT_CLASS = YES_ERROR;
				CLANG_WARN_RANGE_LOOP_ANALYSIS = YES;
				CLANG_WARN_STRICT_PROTOTYPES = YES;
				CLANG_WARN_SUSPICIOUS_MOVE = YES;
				CLANG_WARN_UNGUARDED_AVAILABILITY = YES_AGGRESSIVE;
				CLANG_WARN_UNREACHABLE_CODE = YES;
				CLANG_WARN__DUPLICATE_METHOD_MATCH = YES;
				CODE_SIGN_IDENTITY = "iPhone Developer";
				COPY_PHASE_STRIP = NO;
				DEBUG_INFORMATION_FORMAT = "dwarf-with-dsym";
				ENABLE_NS_ASSERTIONS = NO;
				ENABLE_STRICT_OBJC_MSGSEND = YES;
				GCC_C_LANGUAGE_STANDARD = gnu11;
				GCC_NO_COMMON_BLOCKS = YES;
				GCC_WARN_64_TO_32_BIT_CONVERSION = YES;
				GCC_WARN_ABOUT_RETURN_TYPE = YES_ERROR;
				GCC_WARN_UNDECLARED_SELECTOR = YES;
				GCC_WARN_UNINITIALIZED_AUTOS = YES_AGGRESSIVE;
				GCC_WARN_UNUSED_FUNCTION = YES;
				GCC_WARN_UNUSED_VARIABLE = YES;
				IPHONEOS_DEPLOYMENT_TARGET = 12.0;
				MTL_ENABLE_DEBUG_INFO = NO;
				MTL_FAST_MATH = YES;
				SDKROOT = iphoneos;
				SWIFT_COMPILATION_MODE = wholemodule;
				SWIFT_OPTIMIZATION_LEVEL = "-O";
				VALIDATE_PRODUCT = YES;
			};
			name = Release;
		};
		CEA97ECD2177268E006B8C72 /* Debug */ = {
			isa = XCBuildConfiguration;
			baseConfigurationReference = 62314CB30D85EF7F807F9AC6 /* Pods-Helloworld.debug.xcconfig */;
			buildSettings = {
				ASSETCATALOG_COMPILER_APPICON_NAME = AppIcon;
				CLANG_ENABLE_MODULES = YES;
				CODE_SIGN_STYLE = Automatic;
				DEVELOPMENT_TEAM = HCRJV5NFD8;
				INFOPLIST_FILE = Helloworld/Info.plist;
				LD_RUNPATH_SEARCH_PATHS = (
					"$(inherited)",
					"@executable_path/Frameworks",
				);
				PRODUCT_BUNDLE_IDENTIFIER = com.dd01.Helloworld;
				PRODUCT_NAME = "$(TARGET_NAME)";
				SWIFT_OBJC_BRIDGING_HEADER = "Helloworld/Helloworld-Bridging-Header.h";
				SWIFT_OPTIMIZATION_LEVEL = "-Onone";
				SWIFT_VERSION = 4.2;
				TARGETED_DEVICE_FAMILY = "1,2";
			};
			name = Debug;
		};
		CEA97ECE2177268E006B8C72 /* Release */ = {
			isa = XCBuildConfiguration;
			baseConfigurationReference = 6A2D3D358019AD4160355946 /* Pods-Helloworld.release.xcconfig */;
			buildSettings = {
				ASSETCATALOG_COMPILER_APPICON_NAME = AppIcon;
				CLANG_ENABLE_MODULES = YES;
				CODE_SIGN_STYLE = Automatic;
				DEVELOPMENT_TEAM = HCRJV5NFD8;
				INFOPLIST_FILE = Helloworld/Info.plist;
				LD_RUNPATH_SEARCH_PATHS = (
					"$(inherited)",
					"@executable_path/Frameworks",
				);
				PRODUCT_BUNDLE_IDENTIFIER = com.dd01.Helloworld;
				PRODUCT_NAME = "$(TARGET_NAME)";
				SWIFT_OBJC_BRIDGING_HEADER = "Helloworld/Helloworld-Bridging-Header.h";
				SWIFT_VERSION = 4.2;
				TARGETED_DEVICE_FAMILY = "1,2";
			};
			name = Release;
		};
/* End XCBuildConfiguration section */

/* Begin XCConfigurationList section */
		CEA97EB52177268C006B8C72 /* Build configuration list for PBXProject "Helloworld" */ = {
			isa = XCConfigurationList;
			buildConfigurations = (
				CEA97ECA2177268E006B8C72 /* Debug */,
				CEA97ECB2177268E006B8C72 /* Release */,
			);
			defaultConfigurationIsVisible = 0;
			defaultConfigurationName = Release;
		};
		CEA97ECC2177268E006B8C72 /* Build configuration list for PBXNativeTarget "Helloworld" */ = {
			isa = XCConfigurationList;
			buildConfigurations = (
				CEA97ECD2177268E006B8C72 /* Debug */,
				CEA97ECE2177268E006B8C72 /* Release */,
			);
			defaultConfigurationIsVisible = 0;
			defaultConfigurationName = Release;
		};
/* End XCConfigurationList section */
	};
	rootObject = CEA97EB22177268C006B8C72 /* Project object */;
}
